
Microsoft Visual Studio Solution File, Format Version 12.00
# Visual Studio Version 16
VisualStudioVersion = 16.0.29519.87
MinimumVisualStudioVersion = 10.0.40219.1
Project("{9A19103F-16F7-4668-BE54-9A1E7A4F7556}") = "PlaceMe", "PlaceMe\PlaceMe.csproj", "{8E47A99D-D43E-43E5-9475-4FEE233ACC96}"
EndProject
Project("{FAE04EC0-301F-11D3-BF4B-00C04F79EFBC}") = "PlaceMe.Core", "PlaceMe.Core\PlaceMe.Core.csproj", "{46D8D2AF-9824-4873-B992-BB4928909996}"
EndProject
Project("{FAE04EC0-301F-11D3-BF4B-00C04F79EFBC}") = "PlaceMe.Infrastructure", "PlaceMe.Infrastructure\PlaceMe.Infrastructure.csproj", "{6151215E-7178-40C4-A3E5-BAAFA560B620}"
EndProject
Global
	GlobalSection(SolutionConfigurationPlatforms) = preSolution
		Debug|Any CPU = Debug|Any CPU
		Release|Any CPU = Release|Any CPU
	EndGlobalSection
	GlobalSection(ProjectConfigurationPlatforms) = postSolution
		{8E47A99D-D43E-43E5-9475-4FEE233ACC96}.Debug|Any CPU.ActiveCfg = Debug|Any CPU
		{8E47A99D-D43E-43E5-9475-4FEE233ACC96}.Debug|Any CPU.Build.0 = Debug|Any CPU
		{8E47A99D-D43E-43E5-9475-4FEE233ACC96}.Release|Any CPU.ActiveCfg = Release|Any CPU
		{8E47A99D-D43E-43E5-9475-4FEE233ACC96}.Release|Any CPU.Build.0 = Release|Any CPU
		{46D8D2AF-9824-4873-B992-BB4928909996}.Debug|Any CPU.ActiveCfg = Debug|Any CPU
		{46D8D2AF-9824-4873-B992-BB4928909996}.Debug|Any CPU.Build.0 = Debug|Any CPU
		{46D8D2AF-9824-4873-B992-BB4928909996}.Release|Any CPU.ActiveCfg = Release|Any CPU
		{46D8D2AF-9824-4873-B992-BB4928909996}.Release|Any CPU.Build.0 = Release|Any CPU
		{6151215E-7178-40C4-A3E5-BAAFA560B620}.Debug|Any CPU.ActiveCfg = Debug|Any CPU
		{6151215E-7178-40C4-A3E5-BAAFA560B620}.Debug|Any CPU.Build.0 = Debug|Any CPU
		{6151215E-7178-40C4-A3E5-BAAFA560B620}.Release|Any CPU.ActiveCfg = Release|Any CPU
		{6151215E-7178-40C4-A3E5-BAAFA560B620}.Release|Any CPU.Build.0 = Release|Any CPU
	EndGlobalSection
	GlobalSection(SolutionProperties) = preSolution
		HideSolutionNode = FALSE
	EndGlobalSection
	GlobalSection(ExtensibilityGlobals) = postSolution
		SolutionGuid = {52501841-EC85-4FB6-B3A8-B8918B570342}
	EndGlobalSection
EndGlobal
